
Microsoft Visual Studio Solution File, Format Version 12.00
# Visual Studio Version 16
VisualStudioVersion = 16.0.30320.27
MinimumVisualStudioVersion = 10.0.40219.1
Project("{FAE04EC0-301F-11D3-BF4B-00C04F79EFBC}") = "SharePointAddInField", "SharePointAddInField\SharePointAddInField.csproj", "{B82F7B6D-E472-46F0-8999-AB07BEBA64B9}"
EndProject
Global
	GlobalSection(SolutionConfigurationPlatforms) = preSolution
		Debug|Any CPU = Debug|Any CPU
		Release|Any CPU = Release|Any CPU
	EndGlobalSection
	GlobalSection(ProjectConfigurationPlatforms) = postSolution
		{B82F7B6D-E472-46F0-8999-AB07BEBA64B9}.Debug|Any CPU.ActiveCfg = Debug|Any CPU
		{B82F7B6D-E472-46F0-8999-AB07BEBA64B9}.Debug|Any CPU.Build.0 = Debug|Any CPU
		{B82F7B6D-E472-46F0-8999-AB07BEBA64B9}.Debug|Any CPU.Deploy.0 = Debug|Any CPU
		{B82F7B6D-E472-46F0-8999-AB07BEBA64B9}.Release|Any CPU.ActiveCfg = Release|Any CPU
		{B82F7B6D-E472-46F0-8999-AB07BEBA64B9}.Release|Any CPU.Build.0 = Release|Any CPU
		{B82F7B6D-E472-46F0-8999-AB07BEBA64B9}.Release|Any CPU.Deploy.0 = Release|Any CPU
	EndGlobalSection
	GlobalSection(SolutionProperties) = preSolution
		HideSolutionNode = FALSE
	EndGlobalSection
	GlobalSection(ExtensibilityGlobals) = postSolution
		SolutionGuid = {E7706BA1-11D9-4FC7-B697-3258D1302324}
	EndGlobalSection
EndGlobal
